
Microsoft Visual Studio Solution File, Format Version 12.00
# Visual Studio Version 17
VisualStudioVersion = 17.13.35825.156 d17.13
MinimumVisualStudioVersion = 10.0.40219.1
Project("{FAE04EC0-301F-11D3-BF4B-00C04F79EFBC}") = "Parcial 1- Programacion", "Parcial 1- Programacion.csproj", "{5CDCDCA3-A281-47C2-856C-3C5726621E8C}"
EndProject
Global
	GlobalSection(SolutionConfigurationPlatforms) = preSolution
		Debug|Any CPU = Debug|Any CPU
		Release|Any CPU = Release|Any CPU
	EndGlobalSection
	GlobalSection(ProjectConfigurationPlatforms) = postSolution
		{5CDCDCA3-A281-47C2-856C-3C5726621E8C}.Debug|Any CPU.ActiveCfg = Debug|Any CPU
		{5CDCDCA3-A281-47C2-856C-3C5726621E8C}.Debug|Any CPU.Build.0 = Debug|Any CPU
		{5CDCDCA3-A281-47C2-856C-3C5726621E8C}.Release|Any CPU.ActiveCfg = Release|Any CPU
		{5CDCDCA3-A281-47C2-856C-3C5726621E8C}.Release|Any CPU.Build.0 = Release|Any CPU
	EndGlobalSection
	GlobalSection(SolutionProperties) = preSolution
		HideSolutionNode = FALSE
	EndGlobalSection
	GlobalSection(ExtensibilityGlobals) = postSolution
		SolutionGuid = {9ABD179B-2B06-40CF-924E-A652009EF4CE}
	EndGlobalSection
EndGlobal
